
Microsoft Visual Studio Solution File, Format Version 12.00
# Visual Studio Version 17
VisualStudioVersion = 17.14.36915.13 d17.14
MinimumVisualStudioVersion = 10.0.40219.1
Project("{FAE04EC0-301F-11D3-BF4B-00C04F79EFBC}") = "DANG NHAP FACEBOOK", "DANG NHAP FACEBOOK\DANG NHAP FACEBOOK.csproj", "{18A19EFA-F789-4A45-82A1-FB7076D243FC}"
EndProject
Project("{FAE04EC0-301F-11D3-BF4B-00C04F79EFBC}") = "Updater", "Updater\Updater.csproj", "{B9CD51C1-2136-4235-A0A8-7F0214258645}"
EndProject
Global
	GlobalSection(SolutionConfigurationPlatforms) = preSolution
		Debug|Any CPU = Debug|Any CPU
		Release|Any CPU = Release|Any CPU
	EndGlobalSection
	GlobalSection(ProjectConfigurationPlatforms) = postSolution
		{18A19EFA-F789-4A45-82A1-FB7076D243FC}.Debug|Any CPU.ActiveCfg = Debug|Any CPU
		{18A19EFA-F789-4A45-82A1-FB7076D243FC}.Debug|Any CPU.Build.0 = Debug|Any CPU
		{18A19EFA-F789-4A45-82A1-FB7076D243FC}.Release|Any CPU.ActiveCfg = Release|Any CPU
		{18A19EFA-F789-4A45-82A1-FB7076D243FC}.Release|Any CPU.Build.0 = Release|Any CPU
		{B9CD51C1-2136-4235-A0A8-7F0214258645}.Debug|Any CPU.ActiveCfg = Debug|Any CPU
		{B9CD51C1-2136-4235-A0A8-7F0214258645}.Debug|Any CPU.Build.0 = Debug|Any CPU
		{B9CD51C1-2136-4235-A0A8-7F0214258645}.Release|Any CPU.ActiveCfg = Release|Any CPU
		{B9CD51C1-2136-4235-A0A8-7F0214258645}.Release|Any CPU.Build.0 = Release|Any CPU
	EndGlobalSection
	GlobalSection(SolutionProperties) = preSolution
		HideSolutionNode = FALSE
	EndGlobalSection
	GlobalSection(ExtensibilityGlobals) = postSolution
		SolutionGuid = {968B4C7F-E3F7-456E-87DA-6A16A9CD6F96}
	EndGlobalSection
EndGlobal
